
Microsoft Visual Studio Solution File, Format Version 12.00
# Visual Studio Version 17
VisualStudioVersion = 17.0.31903.59
MinimumVisualStudioVersion = 10.0.40219.1
Project("{2150E333-8FDC-42A3-9474-1A3956D46DE8}") = "src", "src", "{DDDA217D-7CBE-4376-A2DB-41CD1E3495BF}"
EndProject
Project("{9A19103F-16F7-4668-BE54-9A1E7A4F7556}") = "PhoenixTask.Domain", "src\PhoenixTask.Domain\PhoenixTask.Domain.csproj", "{BFA4745E-7C53-47D1-9704-3004CBC771BB}"
EndProject
Project("{9A19103F-16F7-4668-BE54-9A1E7A4F7556}") = "PhoenixTask.Application", "src\PhoenixTask.Application\PhoenixTask.Application.csproj", "{46C0E345-ED9F-408E-A9D9-8E4E5539A76A}"
EndProject
Project("{9A19103F-16F7-4668-BE54-9A1E7A4F7556}") = "PhoenixTask.Infrastructure", "src\PhoenixTask.Infrastructure\PhoenixTask.Infrastructure.csproj", "{5F2CD438-DD88-4306-B6DB-17B63EEE872B}"
EndProject
Project("{9A19103F-16F7-4668-BE54-9A1E7A4F7556}") = "PhoenixTask.Persistance", "src\PhoenixTask.Persistance\PhoenixTask.Persistance.csproj", "{D47DD504-832D-46F5-AC6C-C882BDDB84B6}"
EndProject
Project("{9A19103F-16F7-4668-BE54-9A1E7A4F7556}") = "PhoenixTask.WebApi", "src\PhoenixTask.WebApi\PhoenixTask.WebApi.csproj", "{DBF97AEC-AEC3-4E12-8045-0F9959EBF57D}"
EndProject
Project("{9A19103F-16F7-4668-BE54-9A1E7A4F7556}") = "PhoenixTask.Contracts", "src\PhoenixTask.Contracts\PhoenixTask.Contracts.csproj", "{FC3E1501-E02B-492F-B185-88F8DFFDF8D8}"
EndProject
Project("{E53339B2-1760-4266-BCC7-CA923CBCF16C}") = "docker-compose", "docker-compose.dcproj", "{B5B758A4-A75E-4AAD-BF7A-A2425C22F4E5}"
EndProject
Global
	GlobalSection(SolutionConfigurationPlatforms) = preSolution
		Debug|Any CPU = Debug|Any CPU
		Release|Any CPU = Release|Any CPU
	EndGlobalSection
	GlobalSection(ProjectConfigurationPlatforms) = postSolution
		{BFA4745E-7C53-47D1-9704-3004CBC771BB}.Debug|Any CPU.ActiveCfg = Debug|Any CPU
		{BFA4745E-7C53-47D1-9704-3004CBC771BB}.Debug|Any CPU.Build.0 = Debug|Any CPU
		{BFA4745E-7C53-47D1-9704-3004CBC771BB}.Release|Any CPU.ActiveCfg = Release|Any CPU
		{BFA4745E-7C53-47D1-9704-3004CBC771BB}.Release|Any CPU.Build.0 = Release|Any CPU
		{46C0E345-ED9F-408E-A9D9-8E4E5539A76A}.Debug|Any CPU.ActiveCfg = Debug|Any CPU
		{46C0E345-ED9F-408E-A9D9-8E4E5539A76A}.Debug|Any CPU.Build.0 = Debug|Any CPU
		{46C0E345-ED9F-408E-A9D9-8E4E5539A76A}.Release|Any CPU.ActiveCfg = Release|Any CPU
		{46C0E345-ED9F-408E-A9D9-8E4E5539A76A}.Release|Any CPU.Build.0 = Release|Any CPU
		{5F2CD438-DD88-4306-B6DB-17B63EEE872B}.Debug|Any CPU.ActiveCfg = Debug|Any CPU
		{5F2CD438-DD88-4306-B6DB-17B63EEE872B}.Debug|Any CPU.Build.0 = Debug|Any CPU
		{5F2CD438-DD88-4306-B6DB-17B63EEE872B}.Release|Any CPU.ActiveCfg = Release|Any CPU
		{5F2CD438-DD88-4306-B6DB-17B63EEE872B}.Release|Any CPU.Build.0 = Release|Any CPU
		{D47DD504-832D-46F5-AC6C-C882BDDB84B6}.Debug|Any CPU.ActiveCfg = Debug|Any CPU
		{D47DD504-832D-46F5-AC6C-C882BDDB84B6}.Debug|Any CPU.Build.0 = Debug|Any CPU
		{D47DD504-832D-46F5-AC6C-C882BDDB84B6}.Release|Any CPU.ActiveCfg = Release|Any CPU
		{D47DD504-832D-46F5-AC6C-C882BDDB84B6}.Release|Any CPU.Build.0 = Release|Any CPU
		{DBF97AEC-AEC3-4E12-8045-0F9959EBF57D}.Debug|Any CPU.ActiveCfg = Debug|Any CPU
		{DBF97AEC-AEC3-4E12-8045-0F9959EBF57D}.Debug|Any CPU.Build.0 = Debug|Any CPU
		{DBF97AEC-AEC3-4E12-8045-0F9959EBF57D}.Release|Any CPU.ActiveCfg = Release|Any CPU
		{DBF97AEC-AEC3-4E12-8045-0F9959EBF57D}.Release|Any CPU.Build.0 = Release|Any CPU
		{FC3E1501-E02B-492F-B185-88F8DFFDF8D8}.Debug|Any CPU.ActiveCfg = Debug|Any CPU
		{FC3E1501-E02B-492F-B185-88F8DFFDF8D8}.Debug|Any CPU.Build.0 = Debug|Any CPU
		{FC3E1501-E02B-492F-B185-88F8DFFDF8D8}.Release|Any CPU.ActiveCfg = Release|Any CPU
		{FC3E1501-E02B-492F-B185-88F8DFFDF8D8}.Release|Any CPU.Build.0 = Release|Any CPU
		{B5B758A4-A75E-4AAD-BF7A-A2425C22F4E5}.Debug|Any CPU.ActiveCfg = Debug|Any CPU
		{B5B758A4-A75E-4AAD-BF7A-A2425C22F4E5}.Debug|Any CPU.Build.0 = Debug|Any CPU
		{B5B758A4-A75E-4AAD-BF7A-A2425C22F4E5}.Release|Any CPU.ActiveCfg = Release|Any CPU
		{B5B758A4-A75E-4AAD-BF7A-A2425C22F4E5}.Release|Any CPU.Build.0 = Release|Any CPU
	EndGlobalSection
	GlobalSection(SolutionProperties) = preSolution
		HideSolutionNode = FALSE
	EndGlobalSection
	GlobalSection(NestedProjects) = preSolution
		{BFA4745E-7C53-47D1-9704-3004CBC771BB} = {DDDA217D-7CBE-4376-A2DB-41CD1E3495BF}
		{46C0E345-ED9F-408E-A9D9-8E4E5539A76A} = {DDDA217D-7CBE-4376-A2DB-41CD1E3495BF}
		{5F2CD438-DD88-4306-B6DB-17B63EEE872B} = {DDDA217D-7CBE-4376-A2DB-41CD1E3495BF}
		{D47DD504-832D-46F5-AC6C-C882BDDB84B6} = {DDDA217D-7CBE-4376-A2DB-41CD1E3495BF}
		{DBF97AEC-AEC3-4E12-8045-0F9959EBF57D} = {DDDA217D-7CBE-4376-A2DB-41CD1E3495BF}
		{FC3E1501-E02B-492F-B185-88F8DFFDF8D8} = {DDDA217D-7CBE-4376-A2DB-41CD1E3495BF}
	EndGlobalSection
	GlobalSection(ExtensibilityGlobals) = postSolution
		SolutionGuid = {B36B90A3-7254-4F1C-AAE1-04EECAD4B2D9}
	EndGlobalSection
EndGlobal
